#MicroXplorer Configuration settings - do not modify
PB13.GPIOParameters=GPIO_Label
RCC.USART1Freq_Value=108000000
RCC.TIM17Freq_Value=72000000
VP_MBEDTLS_VS_MBEDTLS.Mode=Enabled
I2C1.I2C_Speed_Mode=I2C_Fast_Plus
PE11.GPIOParameters=GPIO_Label
RCC.PLLCLKFreq_Value=216000000
LWIP.CHECKSUM_CHECK_ICMP=0
PB14.GPIO_Label=LD3 [Red]
PG6.GPIO_Label=USB_PowerSwitchOn [STMPS2151STR_EN]
PA14.GPIO_Label=TCK
RCC.PLLQCLKFreq_Value=48000000
PD8.Locked=true
RCC.RTCFreq_Value=32000
PA6.GPIO_Label=device_1
PC5.Mode=RMII
PG14.GPIOParameters=GPIO_Label
PB13.Signal=ETH_TXD1
LWIP.CHECKSUM_GEN_ICMP=0
PG13.Signal=ETH_TXD0
PA2.GPIOParameters=GPIO_Label
PinOutPanel.RotationAngle=0
RCC.MCO1PinFreq_Value=16000000
RCC.SYSCLKSource=RCC_SYSCLKSOURCE_PLLCLK
SH.GPXTI13.0=GPIO_EXTI13
LWIP.NETMASK_ADDRESS=255.255.255.000
USART3.VirtualMode-Asynchronous=VM_ASYNC
RCC.LPTIM1Freq_Value=54000000
NVIC.SVCall_IRQn=true\:0\:0\:false\:false\:false\:false\:true\:false
PD15.GPIOParameters=GPIO_Label
LWIP.CHECKSUM_GEN_IP=0
RCC.LCDTFTFreq_Value=96000000
LWIP.IPParameters=MEM_SIZE,MEMP_NUM_PBUF,MEMP_NUM_RAW_PCB,MEMP_NUM_TCP_PCB_LISTEN,MEMP_NUM_TCP_SEG,LWIP_NETIF_LINK_CALLBACK,LWIP_NETIF_STATUS_CALLBACK,CHECKSUM_CHECK_ICMP6,CHECKSUM_CHECK_ICMP,CHECKSUM_CHECK_TCP,CHECKSUM_CHECK_UDP,CHECKSUM_CHECK_IP,CHECKSUM_GEN_ICMP6,CHECKSUM_GEN_ICMP,CHECKSUM_GEN_TCP,CHECKSUM_GEN_UDP,LWIP_CHECKSUM_CTRL_PER_NETIF,LWIP_DBG_MIN_LEVEL,TCPIP_THREAD_STACKSIZE,DEFAULT_THREAD_STACKSIZE,LWIP_DHCP,IP_ADDRESS,NETMASK_ADDRESS,GATEWAY_ADDRESS,SO_REUSE,CHECKSUM_BY_HARDWARE,CHECKSUM_GEN_IP,LWIP_CHECKSUM_ON_COPY
RCC.I2C4Freq_Value=54000000
RCC.APB2TimFreq_Value=216000000
PH1/OSC_OUT.Signal=RCC_OSC_OUT
RCC.SAI2Freq_Value=192000000
PD8.Signal=USART3_TX
PB13.Locked=true
RCC.USART3Freq_Value=54000000
RCC.PLLSAIRCLKFreq_Value=192000000
ProjectManager.ProjectBuild=false
PG13.Locked=true
NVIC.UsageFault_IRQn=true\:0\:0\:false\:false\:true\:false\:true\:false
PH0/OSC_IN.Locked=true
ProjectManager.FirmwarePackage=STM32Cube FW_F7 V1.16.0
MxDb.Version=DB.6.0.0
PF12.GPIO_Label=device_4
PA1.GPIOParameters=GPIO_Label
LWIP.MEM_SIZE=4096
ProjectManager.BackupPrevious=false
LWIP.MEMP_NUM_TCP_PCB_LISTEN=64
PC4.GPIO_Label=RMII_RXD0 [LAN8742A-CZ-TR_RXD0]
PE9.Signal=GPIO_Input
PE9.Locked=true
PH1/OSC_OUT.Locked=true
PF13.Locked=true
ETH.PHY_Name=LAN8742A_PHY_ADDRESS
NVIC.PendSV_IRQn=true\:15\:0\:false\:false\:false\:true\:true\:false
PC15/OSC32_OUT.Locked=true
VP_FREERTOS_VS_CMSIS_V1.Mode=CMSIS_V1
ProjectManager.HalAssertFull=false
RCC.TIM1Freq_Value=72000000
RCC.PLLMCOFreq_Value=72000000
RCC.MCO2PinFreq_Value=216000000
Mcu.Package=LQFP144
PB9.Signal=I2C1_SDA
RCC.TIM15Freq_Value=72000000
PA5.Locked=true
NVIC.TimeBase=TIM1_UP_TIM10_IRQn
PG13.GPIOParameters=GPIO_Label
RCC.ADC34outputFreq_Value=72000000
PA14.Locked=true
NVIC.TimeBaseIP=TIM1
USART3.IPParameters=VirtualMode-Asynchronous
FREERTOS.FootprintOK=true
RCC.DFSDMFreq_Value=108000000
PA5.GPIOParameters=GPIO_Label
PB14.GPIOParameters=GPIO_Label
RCC.APB2CLKDivider=RCC_HCLK_DIV2
RCC.CECFreq_Value=32786.88524590164
PF14.Signal=GPIO_Input
RCC.APB1TimFreq_Value=108000000
NVIC.BusFault_IRQn=true\:0\:0\:false\:false\:true\:false\:true\:false
PB13.Mode=RMII
RCC.DFSDMAudioFreq_Value=192000000
PD15.Signal=GPIO_Input
ProjectManager.CustomerFirmwarePackage=
PC4.GPIOParameters=GPIO_Label
PC4.Mode=RMII
RCC.PLLSAIQCLKFreq_Value=192000000
LWIP.IP_ADDRESS=192.168.001.050
PA6.GPIOParameters=GPIO_Label
LWIP.MEMP_NUM_TCP_SEG=64
RCC.PLLQoutputFreq_Value=48000000
ProjectManager.ProjectFileName=stm32f76.ioc
RCC.ADC12outputFreq_Value=72000000
FREERTOS.Tasks01=defaultTask,0,128,StartDefaultTask,Default,NULL,Dynamic,NULL,NULL;httpTask,-1,8192,httpFunc,Default,NULL,Dynamic,NULL,NULL;ledTask,3,128,ledFunc,Default,NULL,Dynamic,NULL,NULL;loggingTask,-3,2048,loggingFunc,Default,NULL,Dynamic,NULL,NULL;mbTask,0,4096,mbFunc,Default,NULL,Dynamic,NULL,NULL;displayTask,-2,512,displayFunc,Default,NULL,Dynamic,NULL,NULL;ioTask,2,128,ioFunc,Default,NULL,Dynamic,NULL,NULL
PD9.GPIO_Label=STLK_TX [STM32F103CBT6_PA2]
Mcu.PinsNb=43
PC13.Locked=true
PG9.Locked=true
PG9.Signal=GPIO_Output
LWIP.MEMP_NUM_RAW_PCB=8
PC13.Signal=GPXTI13
PF14.GPIO_Label=in4
LWIP.LWIP_DHCP=0
RCC.UART8Freq_Value=54000000
PB14.Locked=true
RCC.APB1CLKDivider=RCC_HCLK_DIV4
PF13.GPIO_Label=in1
PG14.Locked=true
PG13.GPIO_Label=RMII_TXD0 [LAN8742A-CZ-TR_TXD0]
LWIP.DEFAULT_THREAD_STACKSIZE=4096
ETH.IPParameters=MediaInterface,PHY_Name,PHY_Value,PhyAddress,RxMode
RCC.WatchDogFreq_Value=32000
LWIP.CHECKSUM_GEN_UDP=0
MBEDTLS.IPParameters=MBEDTLS_PLATFORM_MEMORY
RCC.USART6Freq_Value=108000000
LWIP.LWIP_NETIF_LINK_CALLBACK=1
I2C1.Timing=0x00200922
PB9.Locked=true
LWIP.CHECKSUM_GEN_TCP=0
PE9.GPIO_Label=in2
PD8.Mode=Asynchronous
LWIP.CHECKSUM_GEN_ICMP6=0
PG6.GPIOParameters=GPIO_Label
PB14.Signal=GPIO_Output
PA5.Signal=GPIO_Input
Mcu.Pin40=VP_MBEDTLS_VS_MBEDTLS
Mcu.Pin41=VP_RNG_VS_RNG
PE13.GPIOParameters=GPIO_Label
FREERTOS.MEMORY_ALLOCATION=0
Mcu.Pin42=VP_SYS_VS_tim1
ProjectManager.LastFirmware=true
LWIP.LWIP_CHECKSUM_CTRL_PER_NETIF=0
LWIP.MEMP_NUM_PBUF=128
PA1.Mode=RMII
Mcu.Pin37=PB9
Mcu.Pin38=VP_FREERTOS_VS_CMSIS_V1
RCC.PRESCALERUSB=RCC_USBCLKSOURCE_PLL_DIV1_5
Mcu.Pin35=PB7
RCC.I2C1Freq_Value=54000000
Mcu.Pin36=PB8
VP_SYS_VS_tim1.Signal=SYS_VS_tim1
RCC.PLLI2SPCLKFreq_Value=192000000
PG7.GPIO_Label=USB_OverCurrent [STMPS2151STR_FAULT]
Mcu.Pin39=VP_LWIP_VS_Enabled
RCC.RNGFreq_Value=48000000
Mcu.Pin30=PG9
PA1.GPIO_Label=RMII_REF_CLK [LAN8742A-CZ-TR_REFCLK0]
RCC.EthernetFreq_Value=216000000
PF12.Locked=true
Mcu.Pin33=PG14
Mcu.Pin34=PB3
Mcu.Pin31=PG11
Mcu.Pin32=PG13
NVIC.NonMaskableInt_IRQn=true\:0\:0\:false\:false\:true\:false\:true\:false
PF13.Signal=GPIO_Input
LWIP.SO_REUSE=1
PA13.Mode=Serial_Wire
PG14.GPIO_Label=out2
ProjectManager.FreePins=false
RCC.PLLI2SQCLKFreq_Value=192000000
Mcu.Pin26=PG6
Mcu.Pin27=PG7
RCC.RTCHSEDivFreq_Value=4000000
Mcu.Pin24=PD14
ProjectManager.UnderRoot=true
PE13.Locked=true
Mcu.Pin25=PD15
Mcu.Pin28=PA13
Mcu.Pin29=PA14
PD14.GPIOParameters=GPIO_Label
Mcu.Pin22=PD8
ETH.MediaInterface=ETH_MEDIA_INTERFACE_RMII
Mcu.Pin23=PD9
Mcu.Pin20=PB13
Mcu.Pin21=PB14
PE13.GPIO_Label=out3
PA5.GPIO_Label=device_0
NVIC.ForceEnableDMAVector=true
PA14.GPIOParameters=GPIO_Label
PC14/OSC32_IN.Locked=true
NVIC.MemoryManagement_IRQn=true\:0\:0\:false\:false\:true\:false\:true\:false
ProjectManager.CompilerOptimize=6
PD15.Locked=true
PG11.Mode=RMII
ProjectManager.HeapSize=0x200
Mcu.Pin15=PF14
NVIC.HardFault_IRQn=true\:0\:0\:false\:false\:true\:false\:true\:false
Mcu.Pin16=PF15
LWIP.Version=v2.1.2_Cube
Mcu.Pin13=PF12
Mcu.Pin14=PF13
Mcu.Pin19=PE13
NVIC.TIM1_UP_TIM10_IRQn=true\:0\:0\:false\:false\:true\:false\:false\:true
ProjectManager.ComputerToolchain=false
Mcu.Pin17=PE9
Mcu.Pin18=PE11
RCC.TIM3Freq_Value=72000000
NVIC.PriorityGroup=NVIC_PRIORITYGROUP_4
Mcu.Pin11=PC4
Mcu.Pin12=PC5
PB8.Mode=I2C
Mcu.Pin10=PA7
PC15/OSC32_OUT.Signal=RCC_OSC32_OUT
RCC.I2C2Freq_Value=54000000
RCC.SDMMC2Freq_Value=216000000
PA7.GPIOParameters=GPIO_Label
PC1.Signal=ETH_MDC
PG7.GPIOParameters=GPIO_Label
PH0/OSC_IN.GPIOParameters=GPIO_Label
PC1.Mode=RMII
Mcu.Family=STM32F7
ProjectManager.MainLocation=Src
RCC.MCOFreq_Value=72000000
RCC.SAI1Freq_Value=192000000
RCC.CortexFreq_Value=216000000
PG6.Signal=GPIO_Output
PG9.GPIOParameters=GPIO_Label
ProjectManager.KeepUserCode=true
Mcu.UserName=STM32F767ZITx
PD9.GPIOParameters=GPIO_Label
PE11.GPIO_Label=in3
PG6.Locked=true
PC5.Locked=true
RCC.SYSCLKSourceVirtual=RCC_SYSCLKSOURCE_PLLCLK
ProjectManager.functionlistsort=1-MX_GPIO_Init-GPIO-false-HAL-true,2-SystemClock_Config-RCC-false-HAL-false,3-MX_RNG_Init-RNG-false-HAL-true,4-MX_USART3_UART_Init-USART3-false-HAL-true,5-MX_LWIP_Init-LWIP-false-HAL-false,6-MX_MBEDTLS_Init-MBEDTLS-false-HAL-false,7-MX_I2C1_Init-I2C1-false-HAL-true,0-MX_CORTEX_M7_Init-CORTEX_M7-false-HAL-true
PC14/OSC32_IN.Mode=LSE-External-Oscillator
RCC.PLLI2SRCLKFreq_Value=192000000
RCC.USART2Freq_Value=54000000
PC13.GPIO_Label=USER_Btn [B1]
PC1.Locked=true
PB13.GPIO_Label=RMII_TXD1 [LAN8742A-CZ-TR_TXD1]
PF12.GPIOParameters=GPIO_Label
PD9.Mode=Asynchronous
PG11.Signal=ETH_TX_EN
ProjectManager.StackSize=0x400
RCC.I2C3Freq_Value=54000000
Mcu.IP4=LWIP
Mcu.IP5=MBEDTLS
RCC.FCLKCortexFreq_Value=216000000
I2C1.IPParameters=Timing,I2C_Speed_Mode
Mcu.IP2=FREERTOS
Mcu.IP3=I2C1
Mcu.IP0=CORTEX_M7
Mcu.IP1=ETH
Mcu.UserConstants=LWIP_SO_RCVTIMEO,1;LWIP_RCPIP_CORE_LOCKING,1;MEMP_NUM_NETCONN,6;LWIP_RAW,1
PC1.GPIOParameters=GPIO_Label
RCC.SDMMCFreq_Value=216000000
SH.GPXTI13.ConfNb=1
ETH.PHY_Value=0
Mcu.ThirdPartyNb=0
PH0/OSC_IN.Mode=HSE-External-Clock-Source
LWIP.CHECKSUM_CHECK_UDP=0
RCC.HCLKFreq_Value=216000000
Mcu.IPNb=11
RCC.I2SClocksFreq_Value=48000000
RCC.PLLI2SRoutputFreq_Value=192000000
ProjectManager.PreviousToolchain=STM32CubeIDE
RCC.SPDIFRXFreq_Value=192000000
RCC.VcooutputI2S=48000000
PF12.Signal=GPIO_Output
PD8.GPIOParameters=GPIO_Label
Mcu.Pin6=PA1
Mcu.Pin7=PA2
Mcu.Pin8=PA5
Mcu.Pin9=PA6
RCC.VCOSAIOutputFreq_Value=384000000
FREERTOS.IPParameters=Tasks01,FootprintOK,configTOTAL_HEAP_SIZE,MEMORY_ALLOCATION
RCC.AHBFreq_Value=216000000
RCC.TIM2Freq_Value=72000000
Mcu.Pin0=PC13
Mcu.Pin1=PC14/OSC32_IN
NVIC.ETH_IRQn=true\:6\:0\:true\:false\:true\:true\:false\:true
Mcu.Pin2=PC15/OSC32_OUT
Mcu.Pin3=PH0/OSC_IN
Mcu.Pin4=PH1/OSC_OUT
Mcu.Pin5=PC1
RCC.HSE_VALUE=8000000
LWIP.CHECKSUM_CHECK_TCP=0
NVIC.DebugMonitor_IRQn=true\:0\:0\:false\:false\:true\:false\:true\:false
Mcu.IP10=USART3
NVIC.SysTick_IRQn=true\:15\:0\:false\:false\:false\:true\:true\:false
RCC.PLLMUL=RCC_PLL_MUL9
PE13.Signal=GPIO_Output
RCC.VCOInputFreq_Value=2000000
PA14.Mode=Serial_Wire
VP_SYS_VS_tim1.Mode=TIM1
File.Version=6
PB3.GPIOParameters=GPIO_Label
ETH.RxMode=ETH_RXINTERRUPT_MODE
PB7.Signal=GPIO_Output
PB8.Locked=true
PG13.Mode=RMII
MBEDTLS.MBEDTLS_PLATFORM_MEMORY=1
PH1/OSC_OUT.Mode=HSE-External-Clock-Source
FREERTOS.configTOTAL_HEAP_SIZE=256000
ProjectManager.ProjectName=stm32f76
PA13.GPIOParameters=GPIO_Label
PB7.GPIO_Label=LD2 [Blue]
PA6.Signal=GPIO_Input
PA7.Locked=true
PG11.Locked=true
LWIP.CHECKSUM_CHECK_IP=0
LWIP.CHECKSUM_CHECK_ICMP6=0
PC14/OSC32_IN.Signal=RCC_OSC32_IN
ProjectManager.ToolChainLocation=
PD14.Locked=true
PA2.GPIO_Label=RMII_MDIO [LAN8742A-CZ-TR_MDIO]
RCC.LSI_VALUE=32000
RCC.TIM16Freq_Value=72000000
LWIP.CHECKSUM_BY_HARDWARE=1
PC4.Locked=true
PG11.GPIO_Label=RMII_TX_EN [LAN8742A-CZ-TR_TXEN]
PC5.Signal=ETH_RXD1
PF15.GPIOParameters=GPIO_Label
VP_LWIP_VS_Enabled.Signal=LWIP_VS_Enabled
PB3.Locked=true
PA2.Locked=true
PB3.GPIO_Label=SWO
RCC.PLLSourceVirtual=RCC_PLLSOURCE_HSE
RCC.I2SFreq_Value=192000000
PD15.GPIO_Label=device_3
PG7.Locked=true
PG7.Signal=GPIO_Input
PA7.Mode=RMII
RCC.UART7Freq_Value=54000000
ProjectManager.NoMain=false
NVIC.SavedSvcallIrqHandlerGenerated=true
RCC.PLLRFreq_Value=216000000
PC4.Signal=ETH_RXD0
ProjectManager.DefaultFWLocation=true
PD9.Signal=USART3_RX
ProjectManager.DeletePrevious=true
VP_RNG_VS_RNG.Mode=RNG_Activate
RCC.LCDTFToutputFreq_Value=96000000
boardIOC=true
VP_MBEDTLS_VS_MBEDTLS.Signal=MBEDTLS_VS_MBEDTLS
ETH.PhyAddress=0
RCC.FamilyName=M
LWIP.LWIP_CHECKSUM_ON_COPY=0
VP_LWIP_VS_Enabled.Mode=Enabled
LWIP.GATEWAY_ADDRESS=192.168.001.001
PD8.GPIO_Label=STLK_RX [STM32F103CBT6_PA3]
PE9.GPIOParameters=GPIO_Label
PA13.Signal=SYS_JTMS-SWDIO
VP_FREERTOS_VS_CMSIS_V1.Signal=FREERTOS_VS_CMSIS_V1
ProjectManager.TargetToolchain=STM32CubeIDE
PB7.GPIOParameters=GPIO_Label
VP_RNG_VS_RNG.Signal=RNG_VS_RNG
LWIP.TCPIP_THREAD_STACKSIZE=4096
PC5.GPIOParameters=GPIO_Label
PF15.Locked=true
PB9.Mode=I2C
ProjectManager.RegisterCallBack=
RCC.USBFreq_Value=48000000
RCC.PLLSAIoutputFreq_Value=192000000
PE11.Signal=GPIO_Input
PA1.Signal=ETH_REF_CLK
RCC.VCOI2SOutputFreq_Value=384000000
PG9.GPIO_Label=out1
PG14.Signal=GPIO_Output
RCC.PLLSAIPCLKFreq_Value=192000000
board=NUCLEO-F767ZI
RCC.VCOOutputFreq_Value=432000000
PF14.GPIOParameters=GPIO_Label
RCC.VCOOutput2Freq_Value=8000000
PH0/OSC_IN.Signal=RCC_OSC_IN
NVIC.SavedSystickIrqHandlerGenerated=true
RCC.APB2Freq_Value=108000000
RCC.TIM8Freq_Value=72000000
RCC.UART4Freq_Value=54000000
MxCube.Version=6.0.1
PC13.GPIOParameters=GPIO_Label
PC1.GPIO_Label=RMII_MDC [LAN8742A-CZ-TR_MDC]
PF15.GPIO_Label=out4
PF15.Signal=GPIO_Output
PD14.GPIO_Label=device_2
PF14.Locked=true
RCC.UART5Freq_Value=54000000
RCC.IPParameters=48MHZClocksFreq_Value,ADC12outputFreq_Value,ADC34outputFreq_Value,AHBFreq_Value,APB1CLKDivider,APB1Freq_Value,APB1TimFreq_Value,APB2CLKDivider,APB2Freq_Value,APB2TimFreq_Value,CECFreq_Value,CortexFreq_Value,DFSDMAudioFreq_Value,DFSDMFreq_Value,EthernetFreq_Value,FCLKCortexFreq_Value,FamilyName,HCLKFreq_Value,HSE_VALUE,HSI_VALUE,I2C1Freq_Value,I2C2Freq_Value,I2C3Freq_Value,I2C4Freq_Value,I2SClocksFreq_Value,I2SFreq_Value,LCDTFTFreq_Value,LCDTFToutputFreq_Value,LPTIM1Freq_Value,LSI_VALUE,MCO1PinFreq_Value,MCO2PinFreq_Value,MCOFreq_Value,PLLCLKFreq_Value,PLLI2SPCLKFreq_Value,PLLI2SQCLKFreq_Value,PLLI2SRCLKFreq_Value,PLLI2SRoutputFreq_Value,PLLM,PLLMCOFreq_Value,PLLMUL,PLLN,PLLQ,PLLQCLKFreq_Value,PLLQoutputFreq_Value,PLLRFreq_Value,PLLSAIPCLKFreq_Value,PLLSAIQCLKFreq_Value,PLLSAIRCLKFreq_Value,PLLSAIoutputFreq_Value,PLLSourceVirtual,PRESCALERUSB,RNGFreq_Value,RTCFreq_Value,RTCHSEDivFreq_Value,SAI1Freq_Value,SAI2Freq_Value,SDMMC2Freq_Value,SDMMCFreq_Value,SPDIFRXFreq_Value,SYSCLKFreq_VALUE,SYSCLKSource,SYSCLKSourceVirtual,TIM15Freq_Value,TIM16Freq_Value,TIM17Freq_Value,TIM1Freq_Value,TIM20Freq_Value,TIM2Freq_Value,TIM3Freq_Value,TIM8Freq_Value,UART4Freq_Value,UART5Freq_Value,UART7Freq_Value,UART8Freq_Value,USART1Freq_Value,USART2Freq_Value,USART3Freq_Value,USART6Freq_Value,USBFreq_Value,VCOI2SOutputFreq_Value,VCOInputFreq_Value,VCOOutput2Freq_Value,VCOOutputFreq_Value,VCOSAIOutputFreq_Value,VcooutputI2S,WatchDogFreq_Value
PE11.Locked=true
ProjectManager.AskForMigrate=true
Mcu.Name=STM32F767ZITx
NVIC.SavedPendsvIrqHandlerGenerated=true
PA2.Signal=ETH_MDIO
PA13.GPIO_Label=TMS
Mcu.IP8=RNG
Mcu.IP9=SYS
PD14.Signal=GPIO_Input
Mcu.IP6=NVIC
Mcu.IP7=RCC
ProjectManager.CoupleFile=false
RCC.48MHZClocksFreq_Value=24000000
PB3.Signal=SYS_JTDO-SWO
RCC.SYSCLKFreq_VALUE=216000000
PA7.GPIO_Label=RMII_CRS_DV [LAN8742A-CZ-TR_CRS_DV]
PA1.Locked=true
LWIP.LWIP_NETIF_STATUS_CALLBACK=1
KeepUserPlacement=true
PC5.GPIO_Label=RMII_RXD1 [LAN8742A-CZ-TR_RXD1]
PA13.Locked=true
PC15/OSC32_OUT.Mode=LSE-External-Oscillator
PA14.Signal=SYS_JTCK-SWCLK
PF13.GPIOParameters=GPIO_Label
RCC.TIM20Freq_Value=72000000
RCC.HSI_VALUE=16000000
PH0/OSC_IN.GPIO_Label=MCO [STM32F103CBT6_PA8]
RCC.PLLQ=9
RCC.PLLM=4
RCC.PLLN=216
PB7.Locked=true
PA2.Mode=RMII
PB8.Signal=I2C1_SCL
RCC.APB1Freq_Value=54000000
PD9.Locked=true
LWIP.LWIP_DBG_MIN_LEVEL=LWIP_DBG_LEVEL_WARNING
ProjectManager.DeviceId=STM32F767ZITx
ProjectManager.LibraryCopy=1
PG11.GPIOParameters=GPIO_Label
PA7.Signal=ETH_CRS_DV
PA6.Locked=true
