#MicroXplorer Configuration settings - do not modify
PB13.GPIOParameters=GPIO_Label
RCC.USART1Freq_Value=108000000
RCC.TIM17Freq_Value=72000000
I2C1.I2C_Speed_Mode=I2C_Fast_Plus
PE11.GPIOParameters=GPIO_Label
RCC.PLLCLKFreq_Value=216000000
PB14.GPIO_Label=LD3 [Red]
PG6.GPIO_Label=USB_PowerSwitchOn [STMPS2151STR_EN]
PA14.GPIO_Label=TCK
RCC.PLLQCLKFreq_Value=48000000
PD8.Locked=true
RCC.RTCFreq_Value=32000
PA6.GPIO_Label=device_1
PC5.Mode=RMII
PG14.GPIOParameters=GPIO_Label
LWIP.LWIP_COMPAT_SOCKETS=0
PB13.Signal=ETH_TXD1
PG13.Signal=ETH_TXD0
PA2.GPIOParameters=GPIO_Label
PinOutPanel.RotationAngle=0
RCC.MCO1PinFreq_Value=16000000
RCC.SYSCLKSource=RCC_SYSCLKSOURCE_PLLCLK
SH.GPXTI13.0=GPIO_EXTI13
LWIP.NETMASK_ADDRESS=255.255.255.000
USART3.VirtualMode-Asynchronous=VM_ASYNC
RCC.LPTIM1Freq_Value=54000000
NVIC.SVCall_IRQn=true\:0\:0\:false\:false\:false\:false\:true\:false
PD15.GPIOParameters=GPIO_Label
RCC.LCDTFTFreq_Value=96000000
LWIP.IPParameters=LWIP_DHCP,IP_ADDRESS,NETMASK_ADDRESS,LWIP_COMPAT_SOCKETS,LWIP_SOCKET_OFFSET,LWIP_DNS,SO_REUSE,TCPIP_THREAD_STACKSIZE,DEFAULT_THREAD_STACKSIZE,LWIP_SNMP,LWIP_SNTP,LWIP_SMTP
RCC.I2C4Freq_Value=54000000
RCC.APB2TimFreq_Value=216000000
PH1/OSC_OUT.Signal=RCC_OSC_OUT
RCC.SAI2Freq_Value=192000000
PD8.Signal=USART3_TX
PB13.Locked=true
RCC.USART3Freq_Value=54000000
LWIP.LWIP_SOCKET_OFFSET=1
RCC.PLLSAIRCLKFreq_Value=192000000
ProjectManager.ProjectBuild=false
PG13.Locked=true
NVIC.UsageFault_IRQn=true\:0\:0\:false\:false\:true\:false\:true\:false
PA8.Locked=true
PH0/OSC_IN.Locked=true
ProjectManager.FirmwarePackage=STM32Cube FW_F7 V1.16.0
MxDb.Version=DB.6.0.0
PF12.GPIO_Label=device_4
PB0.GPIOParameters=GPIO_Label
PA1.GPIOParameters=GPIO_Label
ProjectManager.BackupPrevious=false
PC4.GPIO_Label=RMII_RXD0 [LAN8742A-CZ-TR_RXD0]
PE9.Signal=GPIO_Input
PE9.Locked=true
PH1/OSC_OUT.Locked=true
PF13.Locked=true
PA8.Signal=USB_OTG_FS_SOF
ETH.PHY_Name=LAN8742A_PHY_ADDRESS
NVIC.PendSV_IRQn=true\:0\:0\:false\:false\:false\:false\:true\:false
PC15/OSC32_OUT.Locked=true
ProjectManager.HalAssertFull=false
RCC.TIM1Freq_Value=72000000
RCC.PLLMCOFreq_Value=72000000
RCC.MCO2PinFreq_Value=216000000
Mcu.Package=LQFP144
PB9.Signal=I2C1_SDA
RCC.TIM15Freq_Value=72000000
PA5.Locked=true
NVIC.TimeBase=TIM1_UP_TIM10_IRQn
PG13.GPIOParameters=GPIO_Label
RCC.ADC34outputFreq_Value=72000000
PA14.Locked=true
NVIC.TimeBaseIP=TIM1
USART3.IPParameters=VirtualMode-Asynchronous
PA10.Signal=USB_OTG_FS_ID
FREERTOS.FootprintOK=true
RCC.DFSDMFreq_Value=108000000
PA5.GPIOParameters=GPIO_Label
PB14.GPIOParameters=GPIO_Label
RCC.APB2CLKDivider=RCC_HCLK_DIV2
RCC.CECFreq_Value=32786.88524590164
PF14.Signal=GPIO_Input
RCC.APB1TimFreq_Value=108000000
NVIC.BusFault_IRQn=true\:0\:0\:false\:false\:true\:false\:true\:false
PB13.Mode=RMII
RCC.DFSDMAudioFreq_Value=192000000
PD15.Signal=GPIO_Input
ProjectManager.CustomerFirmwarePackage=
PC4.GPIOParameters=GPIO_Label
PC4.Mode=RMII
RCC.PLLSAIQCLKFreq_Value=192000000
LWIP.IP_ADDRESS=192.168.000.050
PA6.GPIOParameters=GPIO_Label
RCC.PLLQoutputFreq_Value=48000000
ProjectManager.ProjectFileName=stm32f767.ioc
RCC.ADC12outputFreq_Value=72000000
FREERTOS.Tasks01=defaultTask,24,2048,StartDefaultTask,Default,NULL,Dynamic,NULL,NULL;opcuaTask,16,8000,opcuaFunc,Default,NULL,Dynamic,NULL,NULL;ledTask,24,128,ledFunc,Default,NULL,Dynamic,NULL,NULL;displayTask,8,512,displayFunc,Default,NULL,Dynamic,NULL,NULL
PD9.GPIO_Label=STLK_TX [STM32F103CBT6_PA2]
Mcu.PinsNb=47
PC13.Locked=true
PG9.Locked=true
PG9.Signal=GPIO_Output
PC13.Signal=GPXTI13
PA9.GPIO_Label=USB_VBUS
FREERTOS.configCHECK_FOR_STACK_OVERFLOW=1
PA11.GPIO_Label=USB_DM
PF14.GPIO_Label=in4
LWIP.LWIP_DHCP=0
RCC.UART8Freq_Value=54000000
PB14.Locked=true
RCC.APB1CLKDivider=RCC_HCLK_DIV4
PF13.GPIO_Label=in1
PG14.Locked=true
PG13.GPIO_Label=RMII_TXD0 [LAN8742A-CZ-TR_TXD0]
LWIP.DEFAULT_THREAD_STACKSIZE=4096
ETH.IPParameters=MediaInterface,PHY_Name,PHY_Value,PhyAddress
RCC.WatchDogFreq_Value=32000
PA11.Locked=true
PA8.GPIO_Label=USB_SOF [TP1]
RCC.USART6Freq_Value=108000000
PA9.Signal=USB_OTG_FS_VBUS
I2C1.Timing=0x00200922
PB9.Locked=true
PE9.GPIO_Label=in2
PD8.Mode=Asynchronous
Mcu.Pin46=VP_SYS_VS_tim1
PG6.GPIOParameters=GPIO_Label
PB14.Signal=GPIO_Output
PA5.Signal=GPIO_Input
Mcu.Pin40=PB3
Mcu.Pin41=PB7
PE13.GPIOParameters=GPIO_Label
Mcu.Pin44=VP_FREERTOS_VS_CMSIS_V2
Mcu.Pin45=VP_LWIP_VS_Enabled
Mcu.Pin42=PB8
Mcu.Pin43=PB9
ProjectManager.LastFirmware=true
PA1.Mode=RMII
Mcu.Pin37=PG11
Mcu.Pin38=PG13
RCC.PRESCALERUSB=RCC_USBCLKSOURCE_PLL_DIV1_5
Mcu.Pin35=PA14
RCC.I2C1Freq_Value=54000000
VP_SYS_VS_tim1.Signal=SYS_VS_tim1
Mcu.Pin36=PG9
RCC.PLLI2SPCLKFreq_Value=192000000
PG7.GPIO_Label=USB_OverCurrent [STMPS2151STR_FAULT]
Mcu.Pin39=PG14
RCC.RNGFreq_Value=48000000
Mcu.Pin30=PA9
PA1.GPIO_Label=RMII_REF_CLK [LAN8742A-CZ-TR_REFCLK0]
RCC.EthernetFreq_Value=216000000
PF12.Locked=true
Mcu.Pin33=PA12
Mcu.Pin34=PA13
Mcu.Pin31=PA10
Mcu.Pin32=PA11
PA9.Locked=true
NVIC.NonMaskableInt_IRQn=true\:0\:0\:false\:false\:true\:false\:true\:false
PF13.Signal=GPIO_Input
LWIP.SO_REUSE=1
PA13.Mode=Serial_Wire
PG14.GPIO_Label=out2
ProjectManager.FreePins=false
RCC.PLLI2SQCLKFreq_Value=192000000
Mcu.Pin26=PD15
Mcu.Pin27=PG6
RCC.RTCHSEDivFreq_Value=4000000
Mcu.Pin24=PD9
ProjectManager.UnderRoot=true
PE13.Locked=true
Mcu.Pin25=PD14
CORTEX_M7.IPParameters=MPU_Control
Mcu.Pin28=PG7
Mcu.Pin29=PA8
PD14.GPIOParameters=GPIO_Label
Mcu.Pin22=PB14
ETH.MediaInterface=ETH_MEDIA_INTERFACE_RMII
Mcu.Pin23=PD8
Mcu.Pin20=PE13
PE13.GPIO_Label=out3
Mcu.Pin21=PB13
PA5.GPIO_Label=device_0
PA10.Locked=true
NVIC.ForceEnableDMAVector=true
PA14.GPIOParameters=GPIO_Label
PC14/OSC32_IN.Locked=true
NVIC.MemoryManagement_IRQn=true\:0\:0\:false\:false\:true\:false\:true\:false
ProjectManager.CompilerOptimize=6
PD15.Locked=true
PG11.Mode=RMII
PA11.Signal=USB_OTG_FS_DM
ProjectManager.HeapSize=0x200
Mcu.Pin15=PF13
NVIC.HardFault_IRQn=true\:0\:0\:false\:false\:true\:false\:true\:false
Mcu.Pin16=PF14
LWIP.Version=v2.1.2_Cube
Mcu.Pin13=PB0
Mcu.Pin14=PF12
Mcu.Pin19=PE11
NVIC.TIM1_UP_TIM10_IRQn=true\:0\:0\:false\:false\:true\:false\:false\:true
ProjectManager.ComputerToolchain=false
Mcu.Pin17=PF15
Mcu.Pin18=PE9
RCC.TIM3Freq_Value=72000000
NVIC.PriorityGroup=NVIC_PRIORITYGROUP_4
Mcu.Pin11=PC4
Mcu.Pin12=PC5
PB8.Mode=I2C
Mcu.Pin10=PA7
PC15/OSC32_OUT.Signal=RCC_OSC32_OUT
RCC.I2C2Freq_Value=54000000
RCC.SDMMC2Freq_Value=216000000
PB0.Signal=GPIO_Output
PA7.GPIOParameters=GPIO_Label
PC1.Signal=ETH_MDC
PG7.GPIOParameters=GPIO_Label
PH0/OSC_IN.GPIOParameters=GPIO_Label
PC1.Mode=RMII
Mcu.Family=STM32F7
ProjectManager.MainLocation=Core/Src
RCC.MCOFreq_Value=72000000
RCC.SAI1Freq_Value=192000000
RCC.CortexFreq_Value=216000000
PG6.Signal=GPIO_Output
PG9.GPIOParameters=GPIO_Label
ProjectManager.KeepUserCode=true
Mcu.UserName=STM32F767ZITx
PD9.GPIOParameters=GPIO_Label
PE11.GPIO_Label=in3
PG6.Locked=true
PC5.Locked=true
RCC.SYSCLKSourceVirtual=RCC_SYSCLKSOURCE_PLLCLK
PA12.GPIOParameters=GPIO_Label
ProjectManager.functionlistsort=1-MX_GPIO_Init-GPIO-false-HAL-true,2-SystemClock_Config-RCC-false-HAL-false,3-MX_USART3_UART_Init-USART3-false-HAL-true,4-MX_LWIP_Init-LWIP-false-HAL-false,0-MX_CORTEX_M7_Init-CORTEX_M7-false-HAL-true
PA9.GPIOParameters=GPIO_Label
PA11.GPIOParameters=GPIO_Label
PB0.GPIO_Label=LD1 [Green]
PC14/OSC32_IN.Mode=LSE-External-Oscillator
RCC.PLLI2SRCLKFreq_Value=192000000
RCC.USART2Freq_Value=54000000
PC13.GPIO_Label=USER_Btn [B1]
PC1.Locked=true
PB13.GPIO_Label=RMII_TXD1 [LAN8742A-CZ-TR_TXD1]
PF12.GPIOParameters=GPIO_Label
PD9.Mode=Asynchronous
PG11.Signal=ETH_TX_EN
ProjectManager.StackSize=0x400
VP_FREERTOS_VS_CMSIS_V2.Mode=CMSIS_V2
RCC.I2C3Freq_Value=54000000
Mcu.IP4=LWIP
Mcu.IP5=NVIC
RCC.FCLKCortexFreq_Value=216000000
I2C1.IPParameters=Timing,I2C_Speed_Mode
Mcu.IP2=FREERTOS
Mcu.IP3=I2C1
Mcu.IP0=CORTEX_M7
PA12.Locked=true
Mcu.IP1=ETH
PA12.Signal=USB_OTG_FS_DP
Mcu.UserConstants=LWIP_TIMEVAL_PRIVATE,0
PC1.GPIOParameters=GPIO_Label
RCC.SDMMCFreq_Value=216000000
SH.GPXTI13.ConfNb=1
ETH.PHY_Value=0
Mcu.ThirdPartyNb=0
PH0/OSC_IN.Mode=HSE-External-Clock-Source
RCC.HCLKFreq_Value=216000000
Mcu.IPNb=9
RCC.I2SClocksFreq_Value=48000000
RCC.PLLI2SRoutputFreq_Value=192000000
ProjectManager.PreviousToolchain=STM32CubeIDE
RCC.SPDIFRXFreq_Value=192000000
RCC.VcooutputI2S=48000000
PF12.Signal=GPIO_Input
PD8.GPIOParameters=GPIO_Label
PA8.GPIOParameters=GPIO_Label
FREERTOS.configUSE_MALLOC_FAILED_HOOK=1
Mcu.Pin6=PA1
Mcu.Pin7=PA2
Mcu.Pin8=PA5
Mcu.Pin9=PA6
RCC.VCOSAIOutputFreq_Value=384000000
FREERTOS.IPParameters=Tasks01,FootprintOK,configCHECK_FOR_STACK_OVERFLOW,configUSE_MALLOC_FAILED_HOOK,configTOTAL_HEAP_SIZE
RCC.AHBFreq_Value=216000000
RCC.TIM2Freq_Value=72000000
Mcu.Pin0=PC13
Mcu.Pin1=PC14/OSC32_IN
NVIC.ETH_IRQn=true\:6\:0\:true\:false\:true\:false\:false\:true
GPIO.groupedBy=Group By Peripherals
Mcu.Pin2=PC15/OSC32_OUT
Mcu.Pin3=PH0/OSC_IN
Mcu.Pin4=PH1/OSC_OUT
Mcu.Pin5=PC1
RCC.HSE_VALUE=8000000
LWIP.LWIP_SNMP=0
NVIC.DebugMonitor_IRQn=true\:0\:0\:false\:false\:true\:false\:true\:false
NVIC.SysTick_IRQn=true\:0\:0\:false\:false\:false\:false\:true\:false
RCC.PLLMUL=RCC_PLL_MUL9
PE13.Signal=GPIO_Output
RCC.VCOInputFreq_Value=2000000
PA14.Mode=Serial_Wire
VP_SYS_VS_tim1.Mode=TIM1
File.Version=6
PA10.GPIO_Label=USB_ID
PB3.GPIOParameters=GPIO_Label
PB7.Signal=GPIO_Output
PB8.Locked=true
PG13.Mode=RMII
PH1/OSC_OUT.Mode=HSE-External-Clock-Source
PB0.Locked=true
FREERTOS.configTOTAL_HEAP_SIZE=256000
ProjectManager.ProjectName=stm32f767
PA13.GPIOParameters=GPIO_Label
PB7.GPIO_Label=LD2 [Blue]
PA6.Signal=GPIO_Input
PA7.Locked=true
PG11.Locked=true
PC14/OSC32_IN.Signal=RCC_OSC32_IN
ProjectManager.ToolChainLocation=
PD14.Locked=true
PA2.GPIO_Label=RMII_MDIO [LAN8742A-CZ-TR_MDIO]
RCC.LSI_VALUE=32000
RCC.TIM16Freq_Value=72000000
PC4.Locked=true
PG11.GPIO_Label=RMII_TX_EN [LAN8742A-CZ-TR_TXEN]
PC5.Signal=ETH_RXD1
PF15.GPIOParameters=GPIO_Label
VP_LWIP_VS_Enabled.Signal=LWIP_VS_Enabled
PB3.Locked=true
PA2.Locked=true
PB3.GPIO_Label=SWO
RCC.PLLSourceVirtual=RCC_PLLSOURCE_HSE
RCC.I2SFreq_Value=192000000
PD15.GPIO_Label=device_3
PG7.Locked=true
PA7.Mode=RMII
PG7.Signal=GPIO_Input
RCC.UART7Freq_Value=54000000
ProjectManager.NoMain=false
NVIC.SavedSvcallIrqHandlerGenerated=true
RCC.PLLRFreq_Value=216000000
PC4.Signal=ETH_RXD0
ProjectManager.DefaultFWLocation=true
PD9.Signal=USART3_RX
ProjectManager.DeletePrevious=true
RCC.LCDTFToutputFreq_Value=96000000
boardIOC=true
ETH.PhyAddress=0
PA12.GPIO_Label=USB_DP
RCC.FamilyName=M
VP_LWIP_VS_Enabled.Mode=Enabled
LWIP.LWIP_DNS=1
PD8.GPIO_Label=STLK_RX [STM32F103CBT6_PA3]
PE9.GPIOParameters=GPIO_Label
PA13.Signal=SYS_JTMS-SWDIO
CORTEX_M7.MPU_Control=__NULL
ProjectManager.TargetToolchain=STM32CubeIDE
LWIP.LWIP_SNTP=0
PB7.GPIOParameters=GPIO_Label
LWIP.TCPIP_THREAD_STACKSIZE=4096
PC5.GPIOParameters=GPIO_Label
PF15.Locked=true
PB9.Mode=I2C
ProjectManager.RegisterCallBack=
RCC.USBFreq_Value=48000000
RCC.PLLSAIoutputFreq_Value=192000000
PE11.Signal=GPIO_Input
PA1.Signal=ETH_REF_CLK
RCC.VCOI2SOutputFreq_Value=384000000
PG9.GPIO_Label=out1
PG14.Signal=GPIO_Output
RCC.PLLSAIPCLKFreq_Value=192000000
board=NUCLEO-F767ZI
RCC.VCOOutputFreq_Value=432000000
PF14.GPIOParameters=GPIO_Label
RCC.VCOOutput2Freq_Value=8000000
PH0/OSC_IN.Signal=RCC_OSC_IN
NVIC.SavedSystickIrqHandlerGenerated=true
RCC.APB2Freq_Value=108000000
RCC.TIM8Freq_Value=72000000
RCC.UART4Freq_Value=54000000
MxCube.Version=6.0.1
LWIP.LWIP_SMTP=0
PC13.GPIOParameters=GPIO_Label
PA10.GPIOParameters=GPIO_Label
PC1.GPIO_Label=RMII_MDC [LAN8742A-CZ-TR_MDC]
PF15.GPIO_Label=out4
PF15.Signal=GPIO_Output
PF14.Locked=true
PD14.GPIO_Label=device_2
RCC.UART5Freq_Value=54000000
RCC.IPParameters=48MHZClocksFreq_Value,ADC12outputFreq_Value,ADC34outputFreq_Value,AHBFreq_Value,APB1CLKDivider,APB1Freq_Value,APB1TimFreq_Value,APB2CLKDivider,APB2Freq_Value,APB2TimFreq_Value,CECFreq_Value,CortexFreq_Value,DFSDMAudioFreq_Value,DFSDMFreq_Value,EthernetFreq_Value,FCLKCortexFreq_Value,FamilyName,HCLKFreq_Value,HSE_VALUE,HSI_VALUE,I2C1Freq_Value,I2C2Freq_Value,I2C3Freq_Value,I2C4Freq_Value,I2SClocksFreq_Value,I2SFreq_Value,LCDTFTFreq_Value,LCDTFToutputFreq_Value,LPTIM1Freq_Value,LSI_VALUE,MCO1PinFreq_Value,MCO2PinFreq_Value,MCOFreq_Value,PLLCLKFreq_Value,PLLI2SPCLKFreq_Value,PLLI2SQCLKFreq_Value,PLLI2SRCLKFreq_Value,PLLI2SRoutputFreq_Value,PLLM,PLLMCOFreq_Value,PLLMUL,PLLN,PLLQ,PLLQCLKFreq_Value,PLLQoutputFreq_Value,PLLRFreq_Value,PLLSAIPCLKFreq_Value,PLLSAIQCLKFreq_Value,PLLSAIRCLKFreq_Value,PLLSAIoutputFreq_Value,PLLSourceVirtual,PRESCALERUSB,RNGFreq_Value,RTCFreq_Value,RTCHSEDivFreq_Value,SAI1Freq_Value,SAI2Freq_Value,SDMMC2Freq_Value,SDMMCFreq_Value,SPDIFRXFreq_Value,SYSCLKFreq_VALUE,SYSCLKSource,SYSCLKSourceVirtual,TIM15Freq_Value,TIM16Freq_Value,TIM17Freq_Value,TIM1Freq_Value,TIM20Freq_Value,TIM2Freq_Value,TIM3Freq_Value,TIM8Freq_Value,UART4Freq_Value,UART5Freq_Value,UART7Freq_Value,UART8Freq_Value,USART1Freq_Value,USART2Freq_Value,USART3Freq_Value,USART6Freq_Value,USBFreq_Value,VCOI2SOutputFreq_Value,VCOInputFreq_Value,VCOOutput2Freq_Value,VCOOutputFreq_Value,VCOSAIOutputFreq_Value,VcooutputI2S,WatchDogFreq_Value
PE11.Locked=true
ProjectManager.AskForMigrate=true
Mcu.Name=STM32F767ZITx
NVIC.SavedPendsvIrqHandlerGenerated=true
PA2.Signal=ETH_MDIO
PA13.GPIO_Label=TMS
Mcu.IP8=USART3
VP_FREERTOS_VS_CMSIS_V2.Signal=FREERTOS_VS_CMSIS_V2
PD14.Signal=GPIO_Input
Mcu.IP6=RCC
Mcu.IP7=SYS
ProjectManager.CoupleFile=false
RCC.48MHZClocksFreq_Value=24000000
PB3.Signal=SYS_JTDO-SWO
RCC.SYSCLKFreq_VALUE=216000000
PA7.GPIO_Label=RMII_CRS_DV [LAN8742A-CZ-TR_CRS_DV]
PA1.Locked=true
KeepUserPlacement=false
PC5.GPIO_Label=RMII_RXD1 [LAN8742A-CZ-TR_RXD1]
PC15/OSC32_OUT.Mode=LSE-External-Oscillator
PA13.Locked=true
PA14.Signal=SYS_JTCK-SWCLK
PF13.GPIOParameters=GPIO_Label
RCC.TIM20Freq_Value=72000000
RCC.HSI_VALUE=16000000
PH0/OSC_IN.GPIO_Label=MCO [STM32F103CBT6_PA8]
RCC.PLLQ=9
RCC.PLLM=4
RCC.PLLN=216
PB7.Locked=true
PA2.Mode=RMII
PB8.Signal=I2C1_SCL
RCC.APB1Freq_Value=54000000
PD9.Locked=true
ProjectManager.DeviceId=STM32F767ZITx
ProjectManager.LibraryCopy=1
PG11.GPIOParameters=GPIO_Label
PA7.Signal=ETH_CRS_DV
PA6.Locked=true
